
Microsoft Visual Studio Solution File, Format Version 12.00
# Visual Studio 15
VisualStudioVersion = 15.0.28010.2048
MinimumVisualStudioVersion = 10.0.40219.1
Project("{9A19103F-16F7-4668-BE54-9A1E7A4F7556}") = "UniMeetUpServer", "UniMeetUpServer\UniMeetUpServer.csproj", "{F5963B38-EFA2-495A-9B60-25275074F06E}"
EndProject
Project("{9A19103F-16F7-4668-BE54-9A1E7A4F7556}") = "CommonLib", "CommonLib\CommonLib.csproj", "{C200B8EB-1E51-4A50-BBB3-80843CF73B28}"
EndProject
Project("{FAE04EC0-301F-11D3-BF4B-00C04F79EFBC}") = "UniMeetUpApplication", "UniMeetUpApplication\UniMeetUpApplication.csproj", "{7B555227-B40A-4C5F-84F8-8526E5D6F63F}"
EndProject
Project("{2150E333-8FDC-42A3-9474-1A3956D46DE8}") = "UMUApp", "UMUApp", "{983AD0FE-9C99-45FF-A921-76163D11EF7C}"
	ProjectSection(SolutionItems) = preProject
		UMUApp\publish.htm = UMUApp\publish.htm
		UMUApp\setup.exe = UMUApp\setup.exe
		UMUApp\UniMeetUpApplication.application = UMUApp\UniMeetUpApplication.application
	EndProjectSection
EndProject
Project("{2150E333-8FDC-42A3-9474-1A3956D46DE8}") = "Application Files", "Application Files", "{86A1F408-A482-4BA5-A377-A48F145D6BCC}"
EndProject
Project("{2150E333-8FDC-42A3-9474-1A3956D46DE8}") = "UniMeetUpApplication_1_0_0_21", "UniMeetUpApplication_1_0_0_21", "{F39D17D7-B3CB-4A49-BD58-483C6918F02C}"
	ProjectSection(SolutionItems) = preProject
		UMUApp\Application Files\UniMeetUpApplication_1_0_0_21\CommonLib.dll.deploy = UMUApp\Application Files\UniMeetUpApplication_1_0_0_21\CommonLib.dll.deploy
		UMUApp\Application Files\UniMeetUpApplication_1_0_0_21\ControlzEx.dll.deploy = UMUApp\Application Files\UniMeetUpApplication_1_0_0_21\ControlzEx.dll.deploy
		UMUApp\Application Files\UniMeetUpApplication_1_0_0_21\FontAwesome.WPF.dll.deploy = UMUApp\Application Files\UniMeetUpApplication_1_0_0_21\FontAwesome.WPF.dll.deploy
		UMUApp\Application Files\UniMeetUpApplication_1_0_0_21\MahApps.Metro.dll.deploy = UMUApp\Application Files\UniMeetUpApplication_1_0_0_21\MahApps.Metro.dll.deploy
		UMUApp\Application Files\UniMeetUpApplication_1_0_0_21\MahApps.Metro.IconPacks.SimpleIcons.dll.deploy = UMUApp\Application Files\UniMeetUpApplication_1_0_0_21\MahApps.Metro.IconPacks.SimpleIcons.dll.deploy
		UMUApp\Application Files\UniMeetUpApplication_1_0_0_21\MessagePack.dll.deploy = UMUApp\Application Files\UniMeetUpApplication_1_0_0_21\MessagePack.dll.deploy
		UMUApp\Application Files\UniMeetUpApplication_1_0_0_21\Microsoft.AspNetCore.Authentication.Abstractions.dll.deploy = UMUApp\Application Files\UniMeetUpApplication_1_0_0_21\Microsoft.AspNetCore.Authentication.Abstractions.dll.deploy
		UMUApp\Application Files\UniMeetUpApplication_1_0_0_21\Microsoft.AspNetCore.Authorization.dll.deploy = UMUApp\Application Files\UniMeetUpApplication_1_0_0_21\Microsoft.AspNetCore.Authorization.dll.deploy
		UMUApp\Application Files\UniMeetUpApplication_1_0_0_21\Microsoft.AspNetCore.Authorization.Policy.dll.deploy = UMUApp\Application Files\UniMeetUpApplication_1_0_0_21\Microsoft.AspNetCore.Authorization.Policy.dll.deploy
		UMUApp\Application Files\UniMeetUpApplication_1_0_0_21\Microsoft.AspNetCore.Connections.Abstractions.dll.deploy = UMUApp\Application Files\UniMeetUpApplication_1_0_0_21\Microsoft.AspNetCore.Connections.Abstractions.dll.deploy
		UMUApp\Application Files\UniMeetUpApplication_1_0_0_21\Microsoft.AspNetCore.Hosting.Abstractions.dll.deploy = UMUApp\Application Files\UniMeetUpApplication_1_0_0_21\Microsoft.AspNetCore.Hosting.Abstractions.dll.deploy
		UMUApp\Application Files\UniMeetUpApplication_1_0_0_21\Microsoft.AspNetCore.Hosting.Server.Abstractions.dll.deploy = UMUApp\Application Files\UniMeetUpApplication_1_0_0_21\Microsoft.AspNetCore.Hosting.Server.Abstractions.dll.deploy
		UMUApp\Application Files\UniMeetUpApplication_1_0_0_21\Microsoft.AspNetCore.Http.Abstractions.dll.deploy = UMUApp\Application Files\UniMeetUpApplication_1_0_0_21\Microsoft.AspNetCore.Http.Abstractions.dll.deploy
		UMUApp\Application Files\UniMeetUpApplication_1_0_0_21\Microsoft.AspNetCore.Http.Connections.Client.dll.deploy = UMUApp\Application Files\UniMeetUpApplication_1_0_0_21\Microsoft.AspNetCore.Http.Connections.Client.dll.deploy
		UMUApp\Application Files\UniMeetUpApplication_1_0_0_21\Microsoft.AspNetCore.Http.Connections.Common.dll.deploy = UMUApp\Application Files\UniMeetUpApplication_1_0_0_21\Microsoft.AspNetCore.Http.Connections.Common.dll.deploy
		UMUApp\Application Files\UniMeetUpApplication_1_0_0_21\Microsoft.AspNetCore.Http.Connections.dll.deploy = UMUApp\Application Files\UniMeetUpApplication_1_0_0_21\Microsoft.AspNetCore.Http.Connections.dll.deploy
		UMUApp\Application Files\UniMeetUpApplication_1_0_0_21\Microsoft.AspNetCore.Http.dll.deploy = UMUApp\Application Files\UniMeetUpApplication_1_0_0_21\Microsoft.AspNetCore.Http.dll.deploy
		UMUApp\Application Files\UniMeetUpApplication_1_0_0_21\Microsoft.AspNetCore.Http.Extensions.dll.deploy = UMUApp\Application Files\UniMeetUpApplication_1_0_0_21\Microsoft.AspNetCore.Http.Extensions.dll.deploy
		UMUApp\Application Files\UniMeetUpApplication_1_0_0_21\Microsoft.AspNetCore.Http.Features.dll.deploy = UMUApp\Application Files\UniMeetUpApplication_1_0_0_21\Microsoft.AspNetCore.Http.Features.dll.deploy
		UMUApp\Application Files\UniMeetUpApplication_1_0_0_21\Microsoft.AspNetCore.Routing.Abstractions.dll.deploy = UMUApp\Application Files\UniMeetUpApplication_1_0_0_21\Microsoft.AspNetCore.Routing.Abstractions.dll.deploy
		UMUApp\Application Files\UniMeetUpApplication_1_0_0_21\Microsoft.AspNetCore.Routing.dll.deploy = UMUApp\Application Files\UniMeetUpApplication_1_0_0_21\Microsoft.AspNetCore.Routing.dll.deploy
		UMUApp\Application Files\UniMeetUpApplication_1_0_0_21\Microsoft.AspNetCore.SignalR.Client.Core.dll.deploy = UMUApp\Application Files\UniMeetUpApplication_1_0_0_21\Microsoft.AspNetCore.SignalR.Client.Core.dll.deploy
		UMUApp\Application Files\UniMeetUpApplication_1_0_0_21\Microsoft.AspNetCore.SignalR.Client.dll.deploy = UMUApp\Application Files\UniMeetUpApplication_1_0_0_21\Microsoft.AspNetCore.SignalR.Client.dll.deploy
		UMUApp\Application Files\UniMeetUpApplication_1_0_0_21\Microsoft.AspNetCore.SignalR.Common.dll.deploy = UMUApp\Application Files\UniMeetUpApplication_1_0_0_21\Microsoft.AspNetCore.SignalR.Common.dll.deploy
		UMUApp\Application Files\UniMeetUpApplication_1_0_0_21\Microsoft.AspNetCore.SignalR.Core.dll.deploy = UMUApp\Application Files\UniMeetUpApplication_1_0_0_21\Microsoft.AspNetCore.SignalR.Core.dll.deploy
		UMUApp\Application Files\UniMeetUpApplication_1_0_0_21\Microsoft.AspNetCore.SignalR.Protocols.Json.dll.deploy = UMUApp\Application Files\UniMeetUpApplication_1_0_0_21\Microsoft.AspNetCore.SignalR.Protocols.Json.dll.deploy
		UMUApp\Application Files\UniMeetUpApplication_1_0_0_21\Microsoft.AspNetCore.SignalR.Protocols.MessagePack.dll.deploy = UMUApp\Application Files\UniMeetUpApplication_1_0_0_21\Microsoft.AspNetCore.SignalR.Protocols.MessagePack.dll.deploy
		UMUApp\Application Files\UniMeetUpApplication_1_0_0_21\Microsoft.AspNetCore.WebSockets.dll.deploy = UMUApp\Application Files\UniMeetUpApplication_1_0_0_21\Microsoft.AspNetCore.WebSockets.dll.deploy
		UMUApp\Application Files\UniMeetUpApplication_1_0_0_21\Microsoft.AspNetCore.WebUtilities.dll.deploy = UMUApp\Application Files\UniMeetUpApplication_1_0_0_21\Microsoft.AspNetCore.WebUtilities.dll.deploy
		UMUApp\Application Files\UniMeetUpApplication_1_0_0_21\Microsoft.Extensions.Configuration.Abstractions.dll.deploy = UMUApp\Application Files\UniMeetUpApplication_1_0_0_21\Microsoft.Extensions.Configuration.Abstractions.dll.deploy
		UMUApp\Application Files\UniMeetUpApplication_1_0_0_21\Microsoft.Extensions.Configuration.Binder.dll.deploy = UMUApp\Application Files\UniMeetUpApplication_1_0_0_21\Microsoft.Extensions.Configuration.Binder.dll.deploy
		UMUApp\Application Files\UniMeetUpApplication_1_0_0_21\Microsoft.Extensions.Configuration.dll.deploy = UMUApp\Application Files\UniMeetUpApplication_1_0_0_21\Microsoft.Extensions.Configuration.dll.deploy
		UMUApp\Application Files\UniMeetUpApplication_1_0_0_21\Microsoft.Extensions.DependencyInjection.Abstractions.dll.deploy = UMUApp\Application Files\UniMeetUpApplication_1_0_0_21\Microsoft.Extensions.DependencyInjection.Abstractions.dll.deploy
		UMUApp\Application Files\UniMeetUpApplication_1_0_0_21\Microsoft.Extensions.DependencyInjection.dll.deploy = UMUApp\Application Files\UniMeetUpApplication_1_0_0_21\Microsoft.Extensions.DependencyInjection.dll.deploy
		UMUApp\Application Files\UniMeetUpApplication_1_0_0_21\Microsoft.Extensions.FileProviders.Abstractions.dll.deploy = UMUApp\Application Files\UniMeetUpApplication_1_0_0_21\Microsoft.Extensions.FileProviders.Abstractions.dll.deploy
		UMUApp\Application Files\UniMeetUpApplication_1_0_0_21\Microsoft.Extensions.Hosting.Abstractions.dll.deploy = UMUApp\Application Files\UniMeetUpApplication_1_0_0_21\Microsoft.Extensions.Hosting.Abstractions.dll.deploy
		UMUApp\Application Files\UniMeetUpApplication_1_0_0_21\Microsoft.Extensions.Logging.Abstractions.dll.deploy = UMUApp\Application Files\UniMeetUpApplication_1_0_0_21\Microsoft.Extensions.Logging.Abstractions.dll.deploy
		UMUApp\Application Files\UniMeetUpApplication_1_0_0_21\Microsoft.Extensions.Logging.dll.deploy = UMUApp\Application Files\UniMeetUpApplication_1_0_0_21\Microsoft.Extensions.Logging.dll.deploy
		UMUApp\Application Files\UniMeetUpApplication_1_0_0_21\Microsoft.Extensions.ObjectPool.dll.deploy = UMUApp\Application Files\UniMeetUpApplication_1_0_0_21\Microsoft.Extensions.ObjectPool.dll.deploy
		UMUApp\Application Files\UniMeetUpApplication_1_0_0_21\Microsoft.Extensions.Options.dll.deploy = UMUApp\Application Files\UniMeetUpApplication_1_0_0_21\Microsoft.Extensions.Options.dll.deploy
		UMUApp\Application Files\UniMeetUpApplication_1_0_0_21\Microsoft.Extensions.Primitives.dll.deploy = UMUApp\Application Files\UniMeetUpApplication_1_0_0_21\Microsoft.Extensions.Primitives.dll.deploy
		UMUApp\Application Files\UniMeetUpApplication_1_0_0_21\Microsoft.Net.Http.Headers.dll.deploy = UMUApp\Application Files\UniMeetUpApplication_1_0_0_21\Microsoft.Net.Http.Headers.dll.deploy
		UMUApp\Application Files\UniMeetUpApplication_1_0_0_21\Microsoft.Win32.Primitives.dll.deploy = UMUApp\Application Files\UniMeetUpApplication_1_0_0_21\Microsoft.Win32.Primitives.dll.deploy
		UMUApp\Application Files\UniMeetUpApplication_1_0_0_21\netstandard.dll.deploy = UMUApp\Application Files\UniMeetUpApplication_1_0_0_21\netstandard.dll.deploy
		UMUApp\Application Files\UniMeetUpApplication_1_0_0_21\Newtonsoft.Json.dll.deploy = UMUApp\Application Files\UniMeetUpApplication_1_0_0_21\Newtonsoft.Json.dll.deploy
		UMUApp\Application Files\UniMeetUpApplication_1_0_0_21\System.AppContext.dll.deploy = UMUApp\Application Files\UniMeetUpApplication_1_0_0_21\System.AppContext.dll.deploy
		UMUApp\Application Files\UniMeetUpApplication_1_0_0_21\System.Buffers.dll.deploy = UMUApp\Application Files\UniMeetUpApplication_1_0_0_21\System.Buffers.dll.deploy
		UMUApp\Application Files\UniMeetUpApplication_1_0_0_21\System.Collections.Concurrent.dll.deploy = UMUApp\Application Files\UniMeetUpApplication_1_0_0_21\System.Collections.Concurrent.dll.deploy
		UMUApp\Application Files\UniMeetUpApplication_1_0_0_21\System.Collections.dll.deploy = UMUApp\Application Files\UniMeetUpApplication_1_0_0_21\System.Collections.dll.deploy
		UMUApp\Application Files\UniMeetUpApplication_1_0_0_21\System.Collections.NonGeneric.dll.deploy = UMUApp\Application Files\UniMeetUpApplication_1_0_0_21\System.Collections.NonGeneric.dll.deploy
		UMUApp\Application Files\UniMeetUpApplication_1_0_0_21\System.Collections.Specialized.dll.deploy = UMUApp\Application Files\UniMeetUpApplication_1_0_0_21\System.Collections.Specialized.dll.deploy
		UMUApp\Application Files\UniMeetUpApplication_1_0_0_21\System.ComponentModel.Annotations.dll.deploy = UMUApp\Application Files\UniMeetUpApplication_1_0_0_21\System.ComponentModel.Annotations.dll.deploy
		UMUApp\Application Files\UniMeetUpApplication_1_0_0_21\System.ComponentModel.dll.deploy = UMUApp\Application Files\UniMeetUpApplication_1_0_0_21\System.ComponentModel.dll.deploy
		UMUApp\Application Files\UniMeetUpApplication_1_0_0_21\System.ComponentModel.EventBasedAsync.dll.deploy = UMUApp\Application Files\UniMeetUpApplication_1_0_0_21\System.ComponentModel.EventBasedAsync.dll.deploy
		UMUApp\Application Files\UniMeetUpApplication_1_0_0_21\System.ComponentModel.Primitives.dll.deploy = UMUApp\Application Files\UniMeetUpApplication_1_0_0_21\System.ComponentModel.Primitives.dll.deploy
		UMUApp\Application Files\UniMeetUpApplication_1_0_0_21\System.ComponentModel.TypeConverter.dll.deploy = UMUApp\Application Files\UniMeetUpApplication_1_0_0_21\System.ComponentModel.TypeConverter.dll.deploy
		UMUApp\Application Files\UniMeetUpApplication_1_0_0_21\System.Console.dll.deploy = UMUApp\Application Files\UniMeetUpApplication_1_0_0_21\System.Console.dll.deploy
		UMUApp\Application Files\UniMeetUpApplication_1_0_0_21\System.Data.Common.dll.deploy = UMUApp\Application Files\UniMeetUpApplication_1_0_0_21\System.Data.Common.dll.deploy
		UMUApp\Application Files\UniMeetUpApplication_1_0_0_21\System.Diagnostics.Contracts.dll.deploy = UMUApp\Application Files\UniMeetUpApplication_1_0_0_21\System.Diagnostics.Contracts.dll.deploy
		UMUApp\Application Files\UniMeetUpApplication_1_0_0_21\System.Diagnostics.Debug.dll.deploy = UMUApp\Application Files\UniMeetUpApplication_1_0_0_21\System.Diagnostics.Debug.dll.deploy
		UMUApp\Application Files\UniMeetUpApplication_1_0_0_21\System.Diagnostics.FileVersionInfo.dll.deploy = UMUApp\Application Files\UniMeetUpApplication_1_0_0_21\System.Diagnostics.FileVersionInfo.dll.deploy
		UMUApp\Application Files\UniMeetUpApplication_1_0_0_21\System.Diagnostics.Process.dll.deploy = UMUApp\Application Files\UniMeetUpApplication_1_0_0_21\System.Diagnostics.Process.dll.deploy
		UMUApp\Application Files\UniMeetUpApplication_1_0_0_21\System.Diagnostics.StackTrace.dll.deploy = UMUApp\Application Files\UniMeetUpApplication_1_0_0_21\System.Diagnostics.StackTrace.dll.deploy
		UMUApp\Application Files\UniMeetUpApplication_1_0_0_21\System.Diagnostics.TextWriterTraceListener.dll.deploy = UMUApp\Application Files\UniMeetUpApplication_1_0_0_21\System.Diagnostics.TextWriterTraceListener.dll.deploy
		UMUApp\Application Files\UniMeetUpApplication_1_0_0_21\System.Diagnostics.Tools.dll.deploy = UMUApp\Application Files\UniMeetUpApplication_1_0_0_21\System.Diagnostics.Tools.dll.deploy
		UMUApp\Application Files\UniMeetUpApplication_1_0_0_21\System.Diagnostics.TraceSource.dll.deploy = UMUApp\Application Files\UniMeetUpApplication_1_0_0_21\System.Diagnostics.TraceSource.dll.deploy
		UMUApp\Application Files\UniMeetUpApplication_1_0_0_21\System.Diagnostics.Tracing.dll.deploy = UMUApp\Application Files\UniMeetUpApplication_1_0_0_21\System.Diagnostics.Tracing.dll.deploy
		UMUApp\Application Files\UniMeetUpApplication_1_0_0_21\System.Drawing.Primitives.dll.deploy = UMUApp\Application Files\UniMeetUpApplication_1_0_0_21\System.Drawing.Primitives.dll.deploy
		UMUApp\Application Files\UniMeetUpApplication_1_0_0_21\System.Dynamic.Runtime.dll.deploy = UMUApp\Application Files\UniMeetUpApplication_1_0_0_21\System.Dynamic.Runtime.dll.deploy
		UMUApp\Application Files\UniMeetUpApplication_1_0_0_21\System.Globalization.Calendars.dll.deploy = UMUApp\Application Files\UniMeetUpApplication_1_0_0_21\System.Globalization.Calendars.dll.deploy
		UMUApp\Application Files\UniMeetUpApplication_1_0_0_21\System.Globalization.dll.deploy = UMUApp\Application Files\UniMeetUpApplication_1_0_0_21\System.Globalization.dll.deploy
		UMUApp\Application Files\UniMeetUpApplication_1_0_0_21\System.Globalization.Extensions.dll.deploy = UMUApp\Application Files\UniMeetUpApplication_1_0_0_21\System.Globalization.Extensions.dll.deploy
		UMUApp\Application Files\UniMeetUpApplication_1_0_0_21\System.IO.Compression.dll.deploy = UMUApp\Application Files\UniMeetUpApplication_1_0_0_21\System.IO.Compression.dll.deploy
		UMUApp\Application Files\UniMeetUpApplication_1_0_0_21\System.IO.Compression.ZipFile.dll.deploy = UMUApp\Application Files\UniMeetUpApplication_1_0_0_21\System.IO.Compression.ZipFile.dll.deploy
		UMUApp\Application Files\UniMeetUpApplication_1_0_0_21\System.IO.dll.deploy = UMUApp\Application Files\UniMeetUpApplication_1_0_0_21\System.IO.dll.deploy
		UMUApp\Application Files\UniMeetUpApplication_1_0_0_21\System.IO.FileSystem.dll.deploy = UMUApp\Application Files\UniMeetUpApplication_1_0_0_21\System.IO.FileSystem.dll.deploy
		UMUApp\Application Files\UniMeetUpApplication_1_0_0_21\System.IO.FileSystem.DriveInfo.dll.deploy = UMUApp\Application Files\UniMeetUpApplication_1_0_0_21\System.IO.FileSystem.DriveInfo.dll.deploy
		UMUApp\Application Files\UniMeetUpApplication_1_0_0_21\System.IO.FileSystem.Primitives.dll.deploy = UMUApp\Application Files\UniMeetUpApplication_1_0_0_21\System.IO.FileSystem.Primitives.dll.deploy
		UMUApp\Application Files\UniMeetUpApplication_1_0_0_21\System.IO.FileSystem.Watcher.dll.deploy = UMUApp\Application Files\UniMeetUpApplication_1_0_0_21\System.IO.FileSystem.Watcher.dll.deploy
		UMUApp\Application Files\UniMeetUpApplication_1_0_0_21\System.IO.IsolatedStorage.dll.deploy = UMUApp\Application Files\UniMeetUpApplication_1_0_0_21\System.IO.IsolatedStorage.dll.deploy
		UMUApp\Application Files\UniMeetUpApplication_1_0_0_21\System.IO.MemoryMappedFiles.dll.deploy = UMUApp\Application Files\UniMeetUpApplication_1_0_0_21\System.IO.MemoryMappedFiles.dll.deploy
		UMUApp\Application Files\UniMeetUpApplication_1_0_0_21\System.IO.Pipelines.dll.deploy = UMUApp\Application Files\UniMeetUpApplication_1_0_0_21\System.IO.Pipelines.dll.deploy
		UMUApp\Application Files\UniMeetUpApplication_1_0_0_21\System.IO.Pipes.dll.deploy = UMUApp\Application Files\UniMeetUpApplication_1_0_0_21\System.IO.Pipes.dll.deploy
		UMUApp\Application Files\UniMeetUpApplication_1_0_0_21\System.IO.UnmanagedMemoryStream.dll.deploy = UMUApp\Application Files\UniMeetUpApplication_1_0_0_21\System.IO.UnmanagedMemoryStream.dll.deploy
		UMUApp\Application Files\UniMeetUpApplication_1_0_0_21\System.Linq.dll.deploy = UMUApp\Application Files\UniMeetUpApplication_1_0_0_21\System.Linq.dll.deploy
		UMUApp\Application Files\UniMeetUpApplication_1_0_0_21\System.Linq.Expressions.dll.deploy = UMUApp\Application Files\UniMeetUpApplication_1_0_0_21\System.Linq.Expressions.dll.deploy
		UMUApp\Application Files\UniMeetUpApplication_1_0_0_21\System.Linq.Parallel.dll.deploy = UMUApp\Application Files\UniMeetUpApplication_1_0_0_21\System.Linq.Parallel.dll.deploy
		UMUApp\Application Files\UniMeetUpApplication_1_0_0_21\System.Linq.Queryable.dll.deploy = UMUApp\Application Files\UniMeetUpApplication_1_0_0_21\System.Linq.Queryable.dll.deploy
		UMUApp\Application Files\UniMeetUpApplication_1_0_0_21\System.Memory.dll.deploy = UMUApp\Application Files\UniMeetUpApplication_1_0_0_21\System.Memory.dll.deploy
		UMUApp\Application Files\UniMeetUpApplication_1_0_0_21\System.Net.Http.dll.deploy = UMUApp\Application Files\UniMeetUpApplication_1_0_0_21\System.Net.Http.dll.deploy
		UMUApp\Application Files\UniMeetUpApplication_1_0_0_21\System.Net.Http.Formatting.dll.deploy = UMUApp\Application Files\UniMeetUpApplication_1_0_0_21\System.Net.Http.Formatting.dll.deploy
		UMUApp\Application Files\UniMeetUpApplication_1_0_0_21\System.Net.NameResolution.dll.deploy = UMUApp\Application Files\UniMeetUpApplication_1_0_0_21\System.Net.NameResolution.dll.deploy
		UMUApp\Application Files\UniMeetUpApplication_1_0_0_21\System.Net.NetworkInformation.dll.deploy = UMUApp\Application Files\UniMeetUpApplication_1_0_0_21\System.Net.NetworkInformation.dll.deploy
		UMUApp\Application Files\UniMeetUpApplication_1_0_0_21\System.Net.Ping.dll.deploy = UMUApp\Application Files\UniMeetUpApplication_1_0_0_21\System.Net.Ping.dll.deploy
		UMUApp\Application Files\UniMeetUpApplication_1_0_0_21\System.Net.Primitives.dll.deploy = UMUApp\Application Files\UniMeetUpApplication_1_0_0_21\System.Net.Primitives.dll.deploy
		UMUApp\Application Files\UniMeetUpApplication_1_0_0_21\System.Net.Requests.dll.deploy = UMUApp\Application Files\UniMeetUpApplication_1_0_0_21\System.Net.Requests.dll.deploy
		UMUApp\Application Files\UniMeetUpApplication_1_0_0_21\System.Net.Security.dll.deploy = UMUApp\Application Files\UniMeetUpApplication_1_0_0_21\System.Net.Security.dll.deploy
		UMUApp\Application Files\UniMeetUpApplication_1_0_0_21\System.Net.Sockets.dll.deploy = UMUApp\Application Files\UniMeetUpApplication_1_0_0_21\System.Net.Sockets.dll.deploy
		UMUApp\Application Files\UniMeetUpApplication_1_0_0_21\System.Net.WebHeaderCollection.dll.deploy = UMUApp\Application Files\UniMeetUpApplication_1_0_0_21\System.Net.WebHeaderCollection.dll.deploy
		UMUApp\Application Files\UniMeetUpApplication_1_0_0_21\System.Net.WebSockets.Client.dll.deploy = UMUApp\Application Files\UniMeetUpApplication_1_0_0_21\System.Net.WebSockets.Client.dll.deploy
		UMUApp\Application Files\UniMeetUpApplication_1_0_0_21\System.Net.WebSockets.dll.deploy = UMUApp\Application Files\UniMeetUpApplication_1_0_0_21\System.Net.WebSockets.dll.deploy
		UMUApp\Application Files\UniMeetUpApplication_1_0_0_21\System.Net.WebSockets.WebSocketProtocol.dll.deploy = UMUApp\Application Files\UniMeetUpApplication_1_0_0_21\System.Net.WebSockets.WebSocketProtocol.dll.deploy
		UMUApp\Application Files\UniMeetUpApplication_1_0_0_21\System.Numerics.Vectors.dll.deploy = UMUApp\Application Files\UniMeetUpApplication_1_0_0_21\System.Numerics.Vectors.dll.deploy
		UMUApp\Application Files\UniMeetUpApplication_1_0_0_21\System.ObjectModel.dll.deploy = UMUApp\Application Files\UniMeetUpApplication_1_0_0_21\System.ObjectModel.dll.deploy
		UMUApp\Application Files\UniMeetUpApplication_1_0_0_21\System.Reflection.dll.deploy = UMUApp\Application Files\UniMeetUpApplication_1_0_0_21\System.Reflection.dll.deploy
		UMUApp\Application Files\UniMeetUpApplication_1_0_0_21\System.Reflection.Extensions.dll.deploy = UMUApp\Application Files\UniMeetUpApplication_1_0_0_21\System.Reflection.Extensions.dll.deploy
		UMUApp\Application Files\UniMeetUpApplication_1_0_0_21\System.Reflection.Primitives.dll.deploy = UMUApp\Application Files\UniMeetUpApplication_1_0_0_21\System.Reflection.Primitives.dll.deploy
		UMUApp\Application Files\UniMeetUpApplication_1_0_0_21\System.Resources.Reader.dll.deploy = UMUApp\Application Files\UniMeetUpApplication_1_0_0_21\System.Resources.Reader.dll.deploy
		UMUApp\Application Files\UniMeetUpApplication_1_0_0_21\System.Resources.ResourceManager.dll.deploy = UMUApp\Application Files\UniMeetUpApplication_1_0_0_21\System.Resources.ResourceManager.dll.deploy
		UMUApp\Application Files\UniMeetUpApplication_1_0_0_21\System.Resources.Writer.dll.deploy = UMUApp\Application Files\UniMeetUpApplication_1_0_0_21\System.Resources.Writer.dll.deploy
		UMUApp\Application Files\UniMeetUpApplication_1_0_0_21\System.Runtime.CompilerServices.Unsafe.dll.deploy = UMUApp\Application Files\UniMeetUpApplication_1_0_0_21\System.Runtime.CompilerServices.Unsafe.dll.deploy
		UMUApp\Application Files\UniMeetUpApplication_1_0_0_21\System.Runtime.CompilerServices.VisualC.dll.deploy = UMUApp\Application Files\UniMeetUpApplication_1_0_0_21\System.Runtime.CompilerServices.VisualC.dll.deploy
		UMUApp\Application Files\UniMeetUpApplication_1_0_0_21\System.Runtime.dll.deploy = UMUApp\Application Files\UniMeetUpApplication_1_0_0_21\System.Runtime.dll.deploy
		UMUApp\Application Files\UniMeetUpApplication_1_0_0_21\System.Runtime.Extensions.dll.deploy = UMUApp\Application Files\UniMeetUpApplication_1_0_0_21\System.Runtime.Extensions.dll.deploy
		UMUApp\Application Files\UniMeetUpApplication_1_0_0_21\System.Runtime.Handles.dll.deploy = UMUApp\Application Files\UniMeetUpApplication_1_0_0_21\System.Runtime.Handles.dll.deploy
		UMUApp\Application Files\UniMeetUpApplication_1_0_0_21\System.Runtime.InteropServices.dll.deploy = UMUApp\Application Files\UniMeetUpApplication_1_0_0_21\System.Runtime.InteropServices.dll.deploy
		UMUApp\Application Files\UniMeetUpApplication_1_0_0_21\System.Runtime.InteropServices.RuntimeInformation.dll.deploy = UMUApp\Application Files\UniMeetUpApplication_1_0_0_21\System.Runtime.InteropServices.RuntimeInformation.dll.deploy
		UMUApp\Application Files\UniMeetUpApplication_1_0_0_21\System.Runtime.Numerics.dll.deploy = UMUApp\Application Files\UniMeetUpApplication_1_0_0_21\System.Runtime.Numerics.dll.deploy
		UMUApp\Application Files\UniMeetUpApplication_1_0_0_21\System.Runtime.Serialization.Formatters.dll.deploy = UMUApp\Application Files\UniMeetUpApplication_1_0_0_21\System.Runtime.Serialization.Formatters.dll.deploy
		UMUApp\Application Files\UniMeetUpApplication_1_0_0_21\System.Runtime.Serialization.Json.dll.deploy = UMUApp\Application Files\UniMeetUpApplication_1_0_0_21\System.Runtime.Serialization.Json.dll.deploy
		UMUApp\Application Files\UniMeetUpApplication_1_0_0_21\System.Runtime.Serialization.Primitives.dll.deploy = UMUApp\Application Files\UniMeetUpApplication_1_0_0_21\System.Runtime.Serialization.Primitives.dll.deploy
		UMUApp\Application Files\UniMeetUpApplication_1_0_0_21\System.Runtime.Serialization.Xml.dll.deploy = UMUApp\Application Files\UniMeetUpApplication_1_0_0_21\System.Runtime.Serialization.Xml.dll.deploy
		UMUApp\Application Files\UniMeetUpApplication_1_0_0_21\System.Security.Claims.dll.deploy = UMUApp\Application Files\UniMeetUpApplication_1_0_0_21\System.Security.Claims.dll.deploy
		UMUApp\Application Files\UniMeetUpApplication_1_0_0_21\System.Security.Cryptography.Algorithms.dll.deploy = UMUApp\Application Files\UniMeetUpApplication_1_0_0_21\System.Security.Cryptography.Algorithms.dll.deploy
		UMUApp\Application Files\UniMeetUpApplication_1_0_0_21\System.Security.Cryptography.Csp.dll.deploy = UMUApp\Application Files\UniMeetUpApplication_1_0_0_21\System.Security.Cryptography.Csp.dll.deploy
		UMUApp\Application Files\UniMeetUpApplication_1_0_0_21\System.Security.Cryptography.Encoding.dll.deploy = UMUApp\Application Files\UniMeetUpApplication_1_0_0_21\System.Security.Cryptography.Encoding.dll.deploy
		UMUApp\Application Files\UniMeetUpApplication_1_0_0_21\System.Security.Cryptography.Primitives.dll.deploy = UMUApp\Application Files\UniMeetUpApplication_1_0_0_21\System.Security.Cryptography.Primitives.dll.deploy
		UMUApp\Application Files\UniMeetUpApplication_1_0_0_21\System.Security.Cryptography.X509Certificates.dll.deploy = UMUApp\Application Files\UniMeetUpApplication_1_0_0_21\System.Security.Cryptography.X509Certificates.dll.deploy
		UMUApp\Application Files\UniMeetUpApplication_1_0_0_21\System.Security.Principal.dll.deploy = UMUApp\Application Files\UniMeetUpApplication_1_0_0_21\System.Security.Principal.dll.deploy
		UMUApp\Application Files\UniMeetUpApplication_1_0_0_21\System.Security.SecureString.dll.deploy = UMUApp\Application Files\UniMeetUpApplication_1_0_0_21\System.Security.SecureString.dll.deploy
		UMUApp\Application Files\UniMeetUpApplication_1_0_0_21\System.Text.Encoding.dll.deploy = UMUApp\Application Files\UniMeetUpApplication_1_0_0_21\System.Text.Encoding.dll.deploy
		UMUApp\Application Files\UniMeetUpApplication_1_0_0_21\System.Text.Encoding.Extensions.dll.deploy = UMUApp\Application Files\UniMeetUpApplication_1_0_0_21\System.Text.Encoding.Extensions.dll.deploy
		UMUApp\Application Files\UniMeetUpApplication_1_0_0_21\System.Text.Encodings.Web.dll.deploy = UMUApp\Application Files\UniMeetUpApplication_1_0_0_21\System.Text.Encodings.Web.dll.deploy
		UMUApp\Application Files\UniMeetUpApplication_1_0_0_21\System.Text.RegularExpressions.dll.deploy = UMUApp\Application Files\UniMeetUpApplication_1_0_0_21\System.Text.RegularExpressions.dll.deploy
		UMUApp\Application Files\UniMeetUpApplication_1_0_0_21\System.Threading.Channels.dll.deploy = UMUApp\Application Files\UniMeetUpApplication_1_0_0_21\System.Threading.Channels.dll.deploy
		UMUApp\Application Files\UniMeetUpApplication_1_0_0_21\System.Threading.dll.deploy = UMUApp\Application Files\UniMeetUpApplication_1_0_0_21\System.Threading.dll.deploy
		UMUApp\Application Files\UniMeetUpApplication_1_0_0_21\System.Threading.Overlapped.dll.deploy = UMUApp\Application Files\UniMeetUpApplication_1_0_0_21\System.Threading.Overlapped.dll.deploy
		UMUApp\Application Files\UniMeetUpApplication_1_0_0_21\System.Threading.Tasks.dll.deploy = UMUApp\Application Files\UniMeetUpApplication_1_0_0_21\System.Threading.Tasks.dll.deploy
		UMUApp\Application Files\UniMeetUpApplication_1_0_0_21\System.Threading.Tasks.Extensions.dll.deploy = UMUApp\Application Files\UniMeetUpApplication_1_0_0_21\System.Threading.Tasks.Extensions.dll.deploy
		UMUApp\Application Files\UniMeetUpApplication_1_0_0_21\System.Threading.Tasks.Parallel.dll.deploy = UMUApp\Application Files\UniMeetUpApplication_1_0_0_21\System.Threading.Tasks.Parallel.dll.deploy
		UMUApp\Application Files\UniMeetUpApplication_1_0_0_21\System.Threading.Thread.dll.deploy = UMUApp\Application Files\UniMeetUpApplication_1_0_0_21\System.Threading.Thread.dll.deploy
		UMUApp\Application Files\UniMeetUpApplication_1_0_0_21\System.Threading.ThreadPool.dll.deploy = UMUApp\Application Files\UniMeetUpApplication_1_0_0_21\System.Threading.ThreadPool.dll.deploy
		UMUApp\Application Files\UniMeetUpApplication_1_0_0_21\System.Threading.Timer.dll.deploy = UMUApp\Application Files\UniMeetUpApplication_1_0_0_21\System.Threading.Timer.dll.deploy
		UMUApp\Application Files\UniMeetUpApplication_1_0_0_21\System.ValueTuple.dll.deploy = UMUApp\Application Files\UniMeetUpApplication_1_0_0_21\System.ValueTuple.dll.deploy
		UMUApp\Application Files\UniMeetUpApplication_1_0_0_21\System.Windows.Interactivity.dll.deploy = UMUApp\Application Files\UniMeetUpApplication_1_0_0_21\System.Windows.Interactivity.dll.deploy
		UMUApp\Application Files\UniMeetUpApplication_1_0_0_21\System.Xml.ReaderWriter.dll.deploy = UMUApp\Application Files\UniMeetUpApplication_1_0_0_21\System.Xml.ReaderWriter.dll.deploy
		UMUApp\Application Files\UniMeetUpApplication_1_0_0_21\System.Xml.XDocument.dll.deploy = UMUApp\Application Files\UniMeetUpApplication_1_0_0_21\System.Xml.XDocument.dll.deploy
		UMUApp\Application Files\UniMeetUpApplication_1_0_0_21\System.Xml.XmlDocument.dll.deploy = UMUApp\Application Files\UniMeetUpApplication_1_0_0_21\System.Xml.XmlDocument.dll.deploy
		UMUApp\Application Files\UniMeetUpApplication_1_0_0_21\System.Xml.XmlSerializer.dll.deploy = UMUApp\Application Files\UniMeetUpApplication_1_0_0_21\System.Xml.XmlSerializer.dll.deploy
		UMUApp\Application Files\UniMeetUpApplication_1_0_0_21\System.Xml.XPath.dll.deploy = UMUApp\Application Files\UniMeetUpApplication_1_0_0_21\System.Xml.XPath.dll.deploy
		UMUApp\Application Files\UniMeetUpApplication_1_0_0_21\System.Xml.XPath.XDocument.dll.deploy = UMUApp\Application Files\UniMeetUpApplication_1_0_0_21\System.Xml.XPath.XDocument.dll.deploy
		UMUApp\Application Files\UniMeetUpApplication_1_0_0_21\UniMeetUpApplication.application = UMUApp\Application Files\UniMeetUpApplication_1_0_0_21\UniMeetUpApplication.application
		UMUApp\Application Files\UniMeetUpApplication_1_0_0_21\UniMeetUpApplication.exe.config.deploy = UMUApp\Application Files\UniMeetUpApplication_1_0_0_21\UniMeetUpApplication.exe.config.deploy
		UMUApp\Application Files\UniMeetUpApplication_1_0_0_21\UniMeetUpApplication.exe.deploy = UMUApp\Application Files\UniMeetUpApplication_1_0_0_21\UniMeetUpApplication.exe.deploy
		UMUApp\Application Files\UniMeetUpApplication_1_0_0_21\UniMeetUpApplication.exe.manifest = UMUApp\Application Files\UniMeetUpApplication_1_0_0_21\UniMeetUpApplication.exe.manifest
	EndProjectSection
EndProject
Global
	GlobalSection(SolutionConfigurationPlatforms) = preSolution
		Debug|Any CPU = Debug|Any CPU
		Debug|x86 = Debug|x86
		Release|Any CPU = Release|Any CPU
		Release|x86 = Release|x86
	EndGlobalSection
	GlobalSection(ProjectConfigurationPlatforms) = postSolution
		{F5963B38-EFA2-495A-9B60-25275074F06E}.Debug|Any CPU.ActiveCfg = Debug|Any CPU
		{F5963B38-EFA2-495A-9B60-25275074F06E}.Debug|Any CPU.Build.0 = Debug|Any CPU
		{F5963B38-EFA2-495A-9B60-25275074F06E}.Debug|x86.ActiveCfg = Debug|Any CPU
		{F5963B38-EFA2-495A-9B60-25275074F06E}.Debug|x86.Build.0 = Debug|Any CPU
		{F5963B38-EFA2-495A-9B60-25275074F06E}.Release|Any CPU.ActiveCfg = Release|Any CPU
		{F5963B38-EFA2-495A-9B60-25275074F06E}.Release|Any CPU.Build.0 = Release|Any CPU
		{F5963B38-EFA2-495A-9B60-25275074F06E}.Release|x86.ActiveCfg = Release|Any CPU
		{F5963B38-EFA2-495A-9B60-25275074F06E}.Release|x86.Build.0 = Release|Any CPU
		{C200B8EB-1E51-4A50-BBB3-80843CF73B28}.Debug|Any CPU.ActiveCfg = Debug|Any CPU
		{C200B8EB-1E51-4A50-BBB3-80843CF73B28}.Debug|Any CPU.Build.0 = Debug|Any CPU
		{C200B8EB-1E51-4A50-BBB3-80843CF73B28}.Debug|x86.ActiveCfg = Debug|Any CPU
		{C200B8EB-1E51-4A50-BBB3-80843CF73B28}.Debug|x86.Build.0 = Debug|Any CPU
		{C200B8EB-1E51-4A50-BBB3-80843CF73B28}.Release|Any CPU.ActiveCfg = Release|Any CPU
		{C200B8EB-1E51-4A50-BBB3-80843CF73B28}.Release|Any CPU.Build.0 = Release|Any CPU
		{C200B8EB-1E51-4A50-BBB3-80843CF73B28}.Release|x86.ActiveCfg = Release|Any CPU
		{C200B8EB-1E51-4A50-BBB3-80843CF73B28}.Release|x86.Build.0 = Release|Any CPU
		{7B555227-B40A-4C5F-84F8-8526E5D6F63F}.Debug|Any CPU.ActiveCfg = Debug|Any CPU
		{7B555227-B40A-4C5F-84F8-8526E5D6F63F}.Debug|Any CPU.Build.0 = Debug|Any CPU
		{7B555227-B40A-4C5F-84F8-8526E5D6F63F}.Debug|x86.ActiveCfg = Debug|Any CPU
		{7B555227-B40A-4C5F-84F8-8526E5D6F63F}.Debug|x86.Build.0 = Debug|Any CPU
		{7B555227-B40A-4C5F-84F8-8526E5D6F63F}.Release|Any CPU.ActiveCfg = Release|Any CPU
		{7B555227-B40A-4C5F-84F8-8526E5D6F63F}.Release|Any CPU.Build.0 = Release|Any CPU
		{7B555227-B40A-4C5F-84F8-8526E5D6F63F}.Release|x86.ActiveCfg = Release|Any CPU
		{7B555227-B40A-4C5F-84F8-8526E5D6F63F}.Release|x86.Build.0 = Release|Any CPU
	EndGlobalSection
	GlobalSection(SolutionProperties) = preSolution
		HideSolutionNode = FALSE
	EndGlobalSection
	GlobalSection(NestedProjects) = preSolution
		{86A1F408-A482-4BA5-A377-A48F145D6BCC} = {983AD0FE-9C99-45FF-A921-76163D11EF7C}
		{F39D17D7-B3CB-4A49-BD58-483C6918F02C} = {86A1F408-A482-4BA5-A377-A48F145D6BCC}
	EndGlobalSection
	GlobalSection(ExtensibilityGlobals) = postSolution
		SolutionGuid = {FD96DA31-AEB9-4603-92A1-209DD0B78DF5}
	EndGlobalSection
EndGlobal
