
Microsoft Visual Studio Solution File, Format Version 12.00
# Visual Studio 15
VisualStudioVersion = 15.0.28010.2048
MinimumVisualStudioVersion = 10.0.40219.1
Project("{FAE04EC0-301F-11D3-BF4B-00C04F79EFBC}") = "UniMeetUpClient", "UniMeetUpClient\UniMeetUpClient.csproj", "{5A617EC5-E45D-428A-9024-D9E996CC65B1}"
EndProject
Project("{9A19103F-16F7-4668-BE54-9A1E7A4F7556}") = "UniMeetUpServer", "UniMeetUpServer\UniMeetUpServer.csproj", "{F5963B38-EFA2-495A-9B60-25275074F06E}"
EndProject
Project("{9A19103F-16F7-4668-BE54-9A1E7A4F7556}") = "CommonLib", "CommonLib\CommonLib.csproj", "{C200B8EB-1E51-4A50-BBB3-80843CF73B28}"
EndProject
Project("{FAE04EC0-301F-11D3-BF4B-00C04F79EFBC}") = "UniMeetUpApplication", "..\..\..\..\..\Downloads\UniMeetUpApplication-master\UniMeetUpApplication\UniMeetUpApplication.csproj", "{7B555227-B40A-4C5F-84F8-8526E5D6F63F}"
EndProject
Project("{FAE04EC0-301F-11D3-BF4B-00C04F79EFBC}") = "UniMeetUpApplication.Unit.Test", "..\..\..\..\..\Downloads\UniMeetUpApplication-master\UniMeetUpApplication.Unit.Test\UniMeetUpApplication.Unit.Test.csproj", "{9AB08726-11FB-49F5-975F-F0057AF6CB83}"
EndProject
Global
	GlobalSection(SolutionConfigurationPlatforms) = preSolution
		Debug|Any CPU = Debug|Any CPU
		Debug|x86 = Debug|x86
		Release|Any CPU = Release|Any CPU
		Release|x86 = Release|x86
	EndGlobalSection
	GlobalSection(ProjectConfigurationPlatforms) = postSolution
		{5A617EC5-E45D-428A-9024-D9E996CC65B1}.Debug|Any CPU.ActiveCfg = Debug|Any CPU
		{5A617EC5-E45D-428A-9024-D9E996CC65B1}.Debug|Any CPU.Build.0 = Debug|Any CPU
		{5A617EC5-E45D-428A-9024-D9E996CC65B1}.Debug|x86.ActiveCfg = Debug|Any CPU
		{5A617EC5-E45D-428A-9024-D9E996CC65B1}.Debug|x86.Build.0 = Debug|Any CPU
		{5A617EC5-E45D-428A-9024-D9E996CC65B1}.Release|Any CPU.ActiveCfg = Release|Any CPU
		{5A617EC5-E45D-428A-9024-D9E996CC65B1}.Release|Any CPU.Build.0 = Release|Any CPU
		{5A617EC5-E45D-428A-9024-D9E996CC65B1}.Release|x86.ActiveCfg = Release|Any CPU
		{5A617EC5-E45D-428A-9024-D9E996CC65B1}.Release|x86.Build.0 = Release|Any CPU
		{F5963B38-EFA2-495A-9B60-25275074F06E}.Debug|Any CPU.ActiveCfg = Debug|Any CPU
		{F5963B38-EFA2-495A-9B60-25275074F06E}.Debug|Any CPU.Build.0 = Debug|Any CPU
		{F5963B38-EFA2-495A-9B60-25275074F06E}.Debug|x86.ActiveCfg = Debug|Any CPU
		{F5963B38-EFA2-495A-9B60-25275074F06E}.Debug|x86.Build.0 = Debug|Any CPU
		{F5963B38-EFA2-495A-9B60-25275074F06E}.Release|Any CPU.ActiveCfg = Release|Any CPU
		{F5963B38-EFA2-495A-9B60-25275074F06E}.Release|Any CPU.Build.0 = Release|Any CPU
		{F5963B38-EFA2-495A-9B60-25275074F06E}.Release|x86.ActiveCfg = Release|Any CPU
		{F5963B38-EFA2-495A-9B60-25275074F06E}.Release|x86.Build.0 = Release|Any CPU
		{C200B8EB-1E51-4A50-BBB3-80843CF73B28}.Debug|Any CPU.ActiveCfg = Debug|Any CPU
		{C200B8EB-1E51-4A50-BBB3-80843CF73B28}.Debug|Any CPU.Build.0 = Debug|Any CPU
		{C200B8EB-1E51-4A50-BBB3-80843CF73B28}.Debug|x86.ActiveCfg = Debug|Any CPU
		{C200B8EB-1E51-4A50-BBB3-80843CF73B28}.Debug|x86.Build.0 = Debug|Any CPU
		{C200B8EB-1E51-4A50-BBB3-80843CF73B28}.Release|Any CPU.ActiveCfg = Release|Any CPU
		{C200B8EB-1E51-4A50-BBB3-80843CF73B28}.Release|Any CPU.Build.0 = Release|Any CPU
		{C200B8EB-1E51-4A50-BBB3-80843CF73B28}.Release|x86.ActiveCfg = Release|Any CPU
		{C200B8EB-1E51-4A50-BBB3-80843CF73B28}.Release|x86.Build.0 = Release|Any CPU
		{7B555227-B40A-4C5F-84F8-8526E5D6F63F}.Debug|Any CPU.ActiveCfg = Debug|Any CPU
		{7B555227-B40A-4C5F-84F8-8526E5D6F63F}.Debug|Any CPU.Build.0 = Debug|Any CPU
		{7B555227-B40A-4C5F-84F8-8526E5D6F63F}.Debug|x86.ActiveCfg = Debug|Any CPU
		{7B555227-B40A-4C5F-84F8-8526E5D6F63F}.Debug|x86.Build.0 = Debug|Any CPU
		{7B555227-B40A-4C5F-84F8-8526E5D6F63F}.Release|Any CPU.ActiveCfg = Release|Any CPU
		{7B555227-B40A-4C5F-84F8-8526E5D6F63F}.Release|Any CPU.Build.0 = Release|Any CPU
		{7B555227-B40A-4C5F-84F8-8526E5D6F63F}.Release|x86.ActiveCfg = Release|Any CPU
		{7B555227-B40A-4C5F-84F8-8526E5D6F63F}.Release|x86.Build.0 = Release|Any CPU
		{9AB08726-11FB-49F5-975F-F0057AF6CB83}.Debug|Any CPU.ActiveCfg = Debug|Any CPU
		{9AB08726-11FB-49F5-975F-F0057AF6CB83}.Debug|Any CPU.Build.0 = Debug|Any CPU
		{9AB08726-11FB-49F5-975F-F0057AF6CB83}.Debug|x86.ActiveCfg = Debug|Any CPU
		{9AB08726-11FB-49F5-975F-F0057AF6CB83}.Debug|x86.Build.0 = Debug|Any CPU
		{9AB08726-11FB-49F5-975F-F0057AF6CB83}.Release|Any CPU.ActiveCfg = Release|Any CPU
		{9AB08726-11FB-49F5-975F-F0057AF6CB83}.Release|Any CPU.Build.0 = Release|Any CPU
		{9AB08726-11FB-49F5-975F-F0057AF6CB83}.Release|x86.ActiveCfg = Release|Any CPU
		{9AB08726-11FB-49F5-975F-F0057AF6CB83}.Release|x86.Build.0 = Release|Any CPU
	EndGlobalSection
	GlobalSection(SolutionProperties) = preSolution
		HideSolutionNode = FALSE
	EndGlobalSection
	GlobalSection(ExtensibilityGlobals) = postSolution
		SolutionGuid = {FD96DA31-AEB9-4603-92A1-209DD0B78DF5}
	EndGlobalSection
EndGlobal
