
Microsoft Visual Studio Solution File, Format Version 12.00
# Visual Studio 15
VisualStudioVersion = 15.0.28010.2048
MinimumVisualStudioVersion = 10.0.40219.1
Project("{FAE04EC0-301F-11D3-BF4B-00C04F79EFBC}") = "ChatClient", "ChatClient\ChatClient.csproj", "{5A617EC5-E45D-428A-9024-D9E996CC65B1}"
EndProject
Project("{FAE04EC0-301F-11D3-BF4B-00C04F79EFBC}") = "ChatServer", "ChatServer\ChatServer.csproj", "{F5963B38-EFA2-495A-9B60-25275074F06E}"
EndProject
Project("{FAE04EC0-301F-11D3-BF4B-00C04F79EFBC}") = "ChatLib", "ChatLib\ChatLib.csproj", "{C200B8EB-1E51-4A50-BBB3-80843CF73B28}"
EndProject
Global
	GlobalSection(SolutionConfigurationPlatforms) = preSolution
		Debug|Any CPU = Debug|Any CPU
		Release|Any CPU = Release|Any CPU
	EndGlobalSection
	GlobalSection(ProjectConfigurationPlatforms) = postSolution
		{5A617EC5-E45D-428A-9024-D9E996CC65B1}.Debug|Any CPU.ActiveCfg = Debug|Any CPU
		{5A617EC5-E45D-428A-9024-D9E996CC65B1}.Debug|Any CPU.Build.0 = Debug|Any CPU
		{5A617EC5-E45D-428A-9024-D9E996CC65B1}.Release|Any CPU.ActiveCfg = Release|Any CPU
		{5A617EC5-E45D-428A-9024-D9E996CC65B1}.Release|Any CPU.Build.0 = Release|Any CPU
		{F5963B38-EFA2-495A-9B60-25275074F06E}.Debug|Any CPU.ActiveCfg = Debug|Any CPU
		{F5963B38-EFA2-495A-9B60-25275074F06E}.Debug|Any CPU.Build.0 = Debug|Any CPU
		{F5963B38-EFA2-495A-9B60-25275074F06E}.Release|Any CPU.ActiveCfg = Release|Any CPU
		{F5963B38-EFA2-495A-9B60-25275074F06E}.Release|Any CPU.Build.0 = Release|Any CPU
		{C200B8EB-1E51-4A50-BBB3-80843CF73B28}.Debug|Any CPU.ActiveCfg = Debug|Any CPU
		{C200B8EB-1E51-4A50-BBB3-80843CF73B28}.Debug|Any CPU.Build.0 = Debug|Any CPU
		{C200B8EB-1E51-4A50-BBB3-80843CF73B28}.Release|Any CPU.ActiveCfg = Release|Any CPU
		{C200B8EB-1E51-4A50-BBB3-80843CF73B28}.Release|Any CPU.Build.0 = Release|Any CPU
	EndGlobalSection
	GlobalSection(SolutionProperties) = preSolution
		HideSolutionNode = FALSE
	EndGlobalSection
	GlobalSection(ExtensibilityGlobals) = postSolution
		SolutionGuid = {FD96DA31-AEB9-4603-92A1-209DD0B78DF5}
	EndGlobalSection
EndGlobal
